github.com/BurntSushi/toml v1.4.0/go.mod h1:ukJfTF/6rtPPRCnwkur4qwRxa8vTRFBF0uk2lLoLwho=
github.com/caddyserver/caddy/v2 v2.9.1/go.mod h1:ImUELya2el1FDVp3ahnSO2iH1or1aHxlQEQxd/spP68=
github.com/nacos-group/nacos-sdk-go/v2 v2.2.7/go.mod h1:VYlyDPlQchPC31PmfBustu81vsOkdpCuO5k0dRdQcFc=
gopkg.in/check.v1 v0.0.0-20161208181325-20d25e280405/go.mod h1:Co6ibVJAznAaIkqp8huTwlJQCZ016jof/cbN4VW5Yz0=
gopkg.in/yaml.v3 v3.0.1/go.mod h1:K4uyk7z7BCEPqu6E+C64Yfv1cQ7kz7rIZviUmN+EgEM=
